
Microsoft Visual Studio Solution File, Format Version 12.00
# Visual Studio Version 17
VisualStudioVersion = 17.0.31912.275
MinimumVisualStudioVersion = 10.0.40219.1
Project("{9A19103F-16F7-4668-BE54-9A1E7A4F7556}") = "TaskList-API", "TaskList-API\TaskList-API.csproj", "{B4306B15-AD72-45C5-90F3-4F92BE1E62B6}"
EndProject
Project("{2150E333-8FDC-42A3-9474-1A3956D46DE8}") = "DAL", "DAL", "{14B4CC04-C235-4350-B08C-BF2F62EA890A}"
EndProject
Project("{9A19103F-16F7-4668-BE54-9A1E7A4F7556}") = "TaskList.DAL.Domain", "TaskList.DAL.Domain\TaskList.DAL.Domain.csproj", "{A44BBD19-76D0-4ADC-99CC-2E5117BB0947}"
EndProject
Project("{9A19103F-16F7-4668-BE54-9A1E7A4F7556}") = "TaskList.DAL.Interface", "TaskList.DAL.Interface\TaskList.DAL.Interface.csproj", "{86F5B92D-F734-445D-85A0-090691CC8C46}"
EndProject
Project("{9A19103F-16F7-4668-BE54-9A1E7A4F7556}") = "TaskList.DAL.DataBase", "TaskList.DAL.DataBase\TaskList.DAL.DataBase.csproj", "{548B4ED6-3059-406E-83A7-44309A8A0D70}"
EndProject
Project("{2150E333-8FDC-42A3-9474-1A3956D46DE8}") = "BLL", "BLL", "{B98A1949-A22E-4A4A-AE2E-FCF31493EA30}"
EndProject
Project("{9A19103F-16F7-4668-BE54-9A1E7A4F7556}") = "TaskList.BLL.Interface", "TaskList.BLL.Interface\TaskList.BLL.Interface.csproj", "{F0FB9163-B7ED-43D0-9543-027336E72184}"
EndProject
Project("{9A19103F-16F7-4668-BE54-9A1E7A4F7556}") = "TaskList.BLL.Services", "TaskList.BLL.Services\TaskList.BLL.Services.csproj", "{95F94AE6-0362-47A7-9D6D-15055D089B5B}"
EndProject
Project("{2150E333-8FDC-42A3-9474-1A3956D46DE8}") = "Tests", "Tests", "{8ACA3096-1780-48B9-B429-35B6301D738B}"
EndProject
Project("{9A19103F-16F7-4668-BE54-9A1E7A4F7556}") = "TaskList-API.Test", "TaskList-API.Test\TaskList-API.Test.csproj", "{08D1F69B-E4A7-4D5F-B3A4-BB95A34C9FC0}"
EndProject
Project("{FAE04EC0-301F-11D3-BF4B-00C04F79EFBC}") = "TaskList.Sheduler", "TaskList.Sheduler\TaskList.Sheduler.csproj", "{5AD4E5D2-3807-4DF9-A793-05B81D302CEA}"
EndProject
Global
	GlobalSection(SolutionConfigurationPlatforms) = preSolution
		Debug|Any CPU = Debug|Any CPU
		Release|Any CPU = Release|Any CPU
	EndGlobalSection
	GlobalSection(ProjectConfigurationPlatforms) = postSolution
		{B4306B15-AD72-45C5-90F3-4F92BE1E62B6}.Debug|Any CPU.ActiveCfg = Debug|Any CPU
		{B4306B15-AD72-45C5-90F3-4F92BE1E62B6}.Debug|Any CPU.Build.0 = Debug|Any CPU
		{B4306B15-AD72-45C5-90F3-4F92BE1E62B6}.Release|Any CPU.ActiveCfg = Release|Any CPU
		{B4306B15-AD72-45C5-90F3-4F92BE1E62B6}.Release|Any CPU.Build.0 = Release|Any CPU
		{A44BBD19-76D0-4ADC-99CC-2E5117BB0947}.Debug|Any CPU.ActiveCfg = Debug|Any CPU
		{A44BBD19-76D0-4ADC-99CC-2E5117BB0947}.Debug|Any CPU.Build.0 = Debug|Any CPU
		{A44BBD19-76D0-4ADC-99CC-2E5117BB0947}.Release|Any CPU.ActiveCfg = Release|Any CPU
		{A44BBD19-76D0-4ADC-99CC-2E5117BB0947}.Release|Any CPU.Build.0 = Release|Any CPU
		{86F5B92D-F734-445D-85A0-090691CC8C46}.Debug|Any CPU.ActiveCfg = Debug|Any CPU
		{86F5B92D-F734-445D-85A0-090691CC8C46}.Debug|Any CPU.Build.0 = Debug|Any CPU
		{86F5B92D-F734-445D-85A0-090691CC8C46}.Release|Any CPU.ActiveCfg = Release|Any CPU
		{86F5B92D-F734-445D-85A0-090691CC8C46}.Release|Any CPU.Build.0 = Release|Any CPU
		{548B4ED6-3059-406E-83A7-44309A8A0D70}.Debug|Any CPU.ActiveCfg = Debug|Any CPU
		{548B4ED6-3059-406E-83A7-44309A8A0D70}.Debug|Any CPU.Build.0 = Debug|Any CPU
		{548B4ED6-3059-406E-83A7-44309A8A0D70}.Release|Any CPU.ActiveCfg = Release|Any CPU
		{548B4ED6-3059-406E-83A7-44309A8A0D70}.Release|Any CPU.Build.0 = Release|Any CPU
		{F0FB9163-B7ED-43D0-9543-027336E72184}.Debug|Any CPU.ActiveCfg = Debug|Any CPU
		{F0FB9163-B7ED-43D0-9543-027336E72184}.Debug|Any CPU.Build.0 = Debug|Any CPU
		{F0FB9163-B7ED-43D0-9543-027336E72184}.Release|Any CPU.ActiveCfg = Release|Any CPU
		{F0FB9163-B7ED-43D0-9543-027336E72184}.Release|Any CPU.Build.0 = Release|Any CPU
		{95F94AE6-0362-47A7-9D6D-15055D089B5B}.Debug|Any CPU.ActiveCfg = Debug|Any CPU
		{95F94AE6-0362-47A7-9D6D-15055D089B5B}.Debug|Any CPU.Build.0 = Debug|Any CPU
		{95F94AE6-0362-47A7-9D6D-15055D089B5B}.Release|Any CPU.ActiveCfg = Release|Any CPU
		{95F94AE6-0362-47A7-9D6D-15055D089B5B}.Release|Any CPU.Build.0 = Release|Any CPU
		{08D1F69B-E4A7-4D5F-B3A4-BB95A34C9FC0}.Debug|Any CPU.ActiveCfg = Debug|Any CPU
		{08D1F69B-E4A7-4D5F-B3A4-BB95A34C9FC0}.Debug|Any CPU.Build.0 = Debug|Any CPU
		{08D1F69B-E4A7-4D5F-B3A4-BB95A34C9FC0}.Release|Any CPU.ActiveCfg = Release|Any CPU
		{08D1F69B-E4A7-4D5F-B3A4-BB95A34C9FC0}.Release|Any CPU.Build.0 = Release|Any CPU
		{5AD4E5D2-3807-4DF9-A793-05B81D302CEA}.Debug|Any CPU.ActiveCfg = Debug|Any CPU
		{5AD4E5D2-3807-4DF9-A793-05B81D302CEA}.Debug|Any CPU.Build.0 = Debug|Any CPU
		{5AD4E5D2-3807-4DF9-A793-05B81D302CEA}.Release|Any CPU.ActiveCfg = Release|Any CPU
		{5AD4E5D2-3807-4DF9-A793-05B81D302CEA}.Release|Any CPU.Build.0 = Release|Any CPU
	EndGlobalSection
	GlobalSection(SolutionProperties) = preSolution
		HideSolutionNode = FALSE
	EndGlobalSection
	GlobalSection(NestedProjects) = preSolution
		{A44BBD19-76D0-4ADC-99CC-2E5117BB0947} = {14B4CC04-C235-4350-B08C-BF2F62EA890A}
		{86F5B92D-F734-445D-85A0-090691CC8C46} = {14B4CC04-C235-4350-B08C-BF2F62EA890A}
		{548B4ED6-3059-406E-83A7-44309A8A0D70} = {14B4CC04-C235-4350-B08C-BF2F62EA890A}
		{F0FB9163-B7ED-43D0-9543-027336E72184} = {B98A1949-A22E-4A4A-AE2E-FCF31493EA30}
		{95F94AE6-0362-47A7-9D6D-15055D089B5B} = {B98A1949-A22E-4A4A-AE2E-FCF31493EA30}
		{08D1F69B-E4A7-4D5F-B3A4-BB95A34C9FC0} = {8ACA3096-1780-48B9-B429-35B6301D738B}
	EndGlobalSection
	GlobalSection(ExtensibilityGlobals) = postSolution
		SolutionGuid = {E3FDE724-6FB8-43A0-B7EA-512189392438}
	EndGlobalSection
EndGlobal
